
Microsoft Visual Studio Solution File, Format Version 12.00
# Visual Studio Version 17
VisualStudioVersion = 17.13.35828.75
MinimumVisualStudioVersion = 10.0.40219.1
Project("{8BC9CEB8-8B4A-11D0-8D11-00A0C91BC942}") = "1", "1\1.vcxproj", "{D414EFCB-9A1D-4E0B-ADF5-EC10CE45521A}"
EndProject
Project("{8BC9CEB8-8B4A-11D0-8D11-00A0C91BC942}") = "2", "2\2.vcxproj", "{F3F13D8E-982D-458B-AE74-C692CE91E096}"
EndProject
Project("{8BC9CEB8-8B4A-11D0-8D11-00A0C91BC942}") = "3", "3\3.vcxproj", "{C9F36D3B-FCE9-49F7-BE90-0ED90DB538D6}"
EndProject
Project("{8BC9CEB8-8B4A-11D0-8D11-00A0C91BC942}") = "4", "4\4.vcxproj", "{0988A2D7-F18F-4F90-9EAF-7BB072F5B01F}"
EndProject
Project("{8BC9CEB8-8B4A-11D0-8D11-00A0C91BC942}") = "5", "5\5.vcxproj", "{004284B6-3525-41A5-AF64-CC4710215D54}"
EndProject
Project("{8BC9CEB8-8B4A-11D0-8D11-00A0C91BC942}") = "6", "6\6.vcxproj", "{0CCBC15E-24EC-44E9-9400-5582DCAB42A1}"
EndProject
Project("{8BC9CEB8-8B4A-11D0-8D11-00A0C91BC942}") = "7", "7\7.vcxproj", "{B7871991-CEEA-4676-AC42-8F5E3FB0410F}"
EndProject
Project("{8BC9CEB8-8B4A-11D0-8D11-00A0C91BC942}") = "8", "8\8.vcxproj", "{B99D6472-FF18-4769-B860-F1BF69385CF5}"
EndProject
Project("{8BC9CEB8-8B4A-11D0-8D11-00A0C91BC942}") = "9", "9\9.vcxproj", "{B9AF599E-64C0-4DB4-B7A8-A7D7B1711187}"
EndProject
Project("{8BC9CEB8-8B4A-11D0-8D11-00A0C91BC942}") = "10", "10\10.vcxproj", "{9E239E75-0E05-4550-850A-2F378D983250}"
EndProject
Project("{8BC9CEB8-8B4A-11D0-8D11-00A0C91BC942}") = "12-1", "12\12.vcxproj", "{4495FE50-C985-460E-835E-CF17827053B3}"
EndProject
Project("{2150E333-8FDC-42A3-9474-1A3956D46DE8}") = "솔루션 항목", "솔루션 항목", "{2A3A057F-5D22-31FD-628C-DF5EF75AEF1E}"
	ProjectSection(SolutionItems) = preProject
		11-2.txt = 11-2.txt
		12-2.txt = 12-2.txt
	EndProjectSection
EndProject
Project("{8BC9CEB8-8B4A-11D0-8D11-00A0C91BC942}") = "12-3", "12-3\12-3.vcxproj", "{60F0ECBF-ACBE-4345-87B5-11A8021DA203}"
EndProject
Project("{8BC9CEB8-8B4A-11D0-8D11-00A0C91BC942}") = "11-3", "11-1\11-1.vcxproj", "{B35D134E-C2FF-4FA0-B2D3-D801A3FE8397}"
EndProject
Project("{8BC9CEB8-8B4A-11D0-8D11-00A0C91BC942}") = "11-4", "11-3\11-3.vcxproj", "{A1A8C16C-F48B-4B0C-B28E-98548BC096D8}"
EndProject
Global
	GlobalSection(SolutionConfigurationPlatforms) = preSolution
		Debug|x64 = Debug|x64
		Debug|x86 = Debug|x86
		Release|x64 = Release|x64
		Release|x86 = Release|x86
	EndGlobalSection
	GlobalSection(ProjectConfigurationPlatforms) = postSolution
		{D414EFCB-9A1D-4E0B-ADF5-EC10CE45521A}.Debug|x64.ActiveCfg = Debug|x64
		{D414EFCB-9A1D-4E0B-ADF5-EC10CE45521A}.Debug|x64.Build.0 = Debug|x64
		{D414EFCB-9A1D-4E0B-ADF5-EC10CE45521A}.Debug|x86.ActiveCfg = Debug|Win32
		{D414EFCB-9A1D-4E0B-ADF5-EC10CE45521A}.Debug|x86.Build.0 = Debug|Win32
		{D414EFCB-9A1D-4E0B-ADF5-EC10CE45521A}.Release|x64.ActiveCfg = Release|x64
		{D414EFCB-9A1D-4E0B-ADF5-EC10CE45521A}.Release|x64.Build.0 = Release|x64
		{D414EFCB-9A1D-4E0B-ADF5-EC10CE45521A}.Release|x86.ActiveCfg = Release|Win32
		{D414EFCB-9A1D-4E0B-ADF5-EC10CE45521A}.Release|x86.Build.0 = Release|Win32
		{F3F13D8E-982D-458B-AE74-C692CE91E096}.Debug|x64.ActiveCfg = Debug|x64
		{F3F13D8E-982D-458B-AE74-C692CE91E096}.Debug|x64.Build.0 = Debug|x64
		{F3F13D8E-982D-458B-AE74-C692CE91E096}.Debug|x86.ActiveCfg = Debug|Win32
		{F3F13D8E-982D-458B-AE74-C692CE91E096}.Debug|x86.Build.0 = Debug|Win32
		{F3F13D8E-982D-458B-AE74-C692CE91E096}.Release|x64.ActiveCfg = Release|x64
		{F3F13D8E-982D-458B-AE74-C692CE91E096}.Release|x64.Build.0 = Release|x64
		{F3F13D8E-982D-458B-AE74-C692CE91E096}.Release|x86.ActiveCfg = Release|Win32
		{F3F13D8E-982D-458B-AE74-C692CE91E096}.Release|x86.Build.0 = Release|Win32
		{C9F36D3B-FCE9-49F7-BE90-0ED90DB538D6}.Debug|x64.ActiveCfg = Debug|x64
		{C9F36D3B-FCE9-49F7-BE90-0ED90DB538D6}.Debug|x64.Build.0 = Debug|x64
		{C9F36D3B-FCE9-49F7-BE90-0ED90DB538D6}.Debug|x86.ActiveCfg = Debug|Win32
		{C9F36D3B-FCE9-49F7-BE90-0ED90DB538D6}.Debug|x86.Build.0 = Debug|Win32
		{C9F36D3B-FCE9-49F7-BE90-0ED90DB538D6}.Release|x64.ActiveCfg = Release|x64
		{C9F36D3B-FCE9-49F7-BE90-0ED90DB538D6}.Release|x64.Build.0 = Release|x64
		{C9F36D3B-FCE9-49F7-BE90-0ED90DB538D6}.Release|x86.ActiveCfg = Release|Win32
		{C9F36D3B-FCE9-49F7-BE90-0ED90DB538D6}.Release|x86.Build.0 = Release|Win32
		{0988A2D7-F18F-4F90-9EAF-7BB072F5B01F}.Debug|x64.ActiveCfg = Debug|x64
		{0988A2D7-F18F-4F90-9EAF-7BB072F5B01F}.Debug|x64.Build.0 = Debug|x64
		{0988A2D7-F18F-4F90-9EAF-7BB072F5B01F}.Debug|x86.ActiveCfg = Debug|Win32
		{0988A2D7-F18F-4F90-9EAF-7BB072F5B01F}.Debug|x86.Build.0 = Debug|Win32
		{0988A2D7-F18F-4F90-9EAF-7BB072F5B01F}.Release|x64.ActiveCfg = Release|x64
		{0988A2D7-F18F-4F90-9EAF-7BB072F5B01F}.Release|x64.Build.0 = Release|x64
		{0988A2D7-F18F-4F90-9EAF-7BB072F5B01F}.Release|x86.ActiveCfg = Release|Win32
		{0988A2D7-F18F-4F90-9EAF-7BB072F5B01F}.Release|x86.Build.0 = Release|Win32
		{004284B6-3525-41A5-AF64-CC4710215D54}.Debug|x64.ActiveCfg = Debug|x64
		{004284B6-3525-41A5-AF64-CC4710215D54}.Debug|x64.Build.0 = Debug|x64
		{004284B6-3525-41A5-AF64-CC4710215D54}.Debug|x86.ActiveCfg = Debug|Win32
		{004284B6-3525-41A5-AF64-CC4710215D54}.Debug|x86.Build.0 = Debug|Win32
		{004284B6-3525-41A5-AF64-CC4710215D54}.Release|x64.ActiveCfg = Release|x64
		{004284B6-3525-41A5-AF64-CC4710215D54}.Release|x64.Build.0 = Release|x64
		{004284B6-3525-41A5-AF64-CC4710215D54}.Release|x86.ActiveCfg = Release|Win32
		{004284B6-3525-41A5-AF64-CC4710215D54}.Release|x86.Build.0 = Release|Win32
		{0CCBC15E-24EC-44E9-9400-5582DCAB42A1}.Debug|x64.ActiveCfg = Debug|x64
		{0CCBC15E-24EC-44E9-9400-5582DCAB42A1}.Debug|x64.Build.0 = Debug|x64
		{0CCBC15E-24EC-44E9-9400-5582DCAB42A1}.Debug|x86.ActiveCfg = Debug|Win32
		{0CCBC15E-24EC-44E9-9400-5582DCAB42A1}.Debug|x86.Build.0 = Debug|Win32
		{0CCBC15E-24EC-44E9-9400-5582DCAB42A1}.Release|x64.ActiveCfg = Release|x64
		{0CCBC15E-24EC-44E9-9400-5582DCAB42A1}.Release|x64.Build.0 = Release|x64
		{0CCBC15E-24EC-44E9-9400-5582DCAB42A1}.Release|x86.ActiveCfg = Release|Win32
		{0CCBC15E-24EC-44E9-9400-5582DCAB42A1}.Release|x86.Build.0 = Release|Win32
		{B7871991-CEEA-4676-AC42-8F5E3FB0410F}.Debug|x64.ActiveCfg = Debug|x64
		{B7871991-CEEA-4676-AC42-8F5E3FB0410F}.Debug|x64.Build.0 = Debug|x64
		{B7871991-CEEA-4676-AC42-8F5E3FB0410F}.Debug|x86.ActiveCfg = Debug|Win32
		{B7871991-CEEA-4676-AC42-8F5E3FB0410F}.Debug|x86.Build.0 = Debug|Win32
		{B7871991-CEEA-4676-AC42-8F5E3FB0410F}.Release|x64.ActiveCfg = Release|x64
		{B7871991-CEEA-4676-AC42-8F5E3FB0410F}.Release|x64.Build.0 = Release|x64
		{B7871991-CEEA-4676-AC42-8F5E3FB0410F}.Release|x86.ActiveCfg = Release|Win32
		{B7871991-CEEA-4676-AC42-8F5E3FB0410F}.Release|x86.Build.0 = Release|Win32
		{B99D6472-FF18-4769-B860-F1BF69385CF5}.Debug|x64.ActiveCfg = Debug|x64
		{B99D6472-FF18-4769-B860-F1BF69385CF5}.Debug|x64.Build.0 = Debug|x64
		{B99D6472-FF18-4769-B860-F1BF69385CF5}.Debug|x86.ActiveCfg = Debug|Win32
		{B99D6472-FF18-4769-B860-F1BF69385CF5}.Debug|x86.Build.0 = Debug|Win32
		{B99D6472-FF18-4769-B860-F1BF69385CF5}.Release|x64.ActiveCfg = Release|x64
		{B99D6472-FF18-4769-B860-F1BF69385CF5}.Release|x64.Build.0 = Release|x64
		{B99D6472-FF18-4769-B860-F1BF69385CF5}.Release|x86.ActiveCfg = Release|Win32
		{B99D6472-FF18-4769-B860-F1BF69385CF5}.Release|x86.Build.0 = Release|Win32
		{B9AF599E-64C0-4DB4-B7A8-A7D7B1711187}.Debug|x64.ActiveCfg = Debug|x64
		{B9AF599E-64C0-4DB4-B7A8-A7D7B1711187}.Debug|x64.Build.0 = Debug|x64
		{B9AF599E-64C0-4DB4-B7A8-A7D7B1711187}.Debug|x86.ActiveCfg = Debug|Win32
		{B9AF599E-64C0-4DB4-B7A8-A7D7B1711187}.Debug|x86.Build.0 = Debug|Win32
		{B9AF599E-64C0-4DB4-B7A8-A7D7B1711187}.Release|x64.ActiveCfg = Release|x64
		{B9AF599E-64C0-4DB4-B7A8-A7D7B1711187}.Release|x64.Build.0 = Release|x64
		{B9AF599E-64C0-4DB4-B7A8-A7D7B1711187}.Release|x86.ActiveCfg = Release|Win32
		{B9AF599E-64C0-4DB4-B7A8-A7D7B1711187}.Release|x86.Build.0 = Release|Win32
		{9E239E75-0E05-4550-850A-2F378D983250}.Debug|x64.ActiveCfg = Debug|x64
		{9E239E75-0E05-4550-850A-2F378D983250}.Debug|x64.Build.0 = Debug|x64
		{9E239E75-0E05-4550-850A-2F378D983250}.Debug|x86.ActiveCfg = Debug|Win32
		{9E239E75-0E05-4550-850A-2F378D983250}.Debug|x86.Build.0 = Debug|Win32
		{9E239E75-0E05-4550-850A-2F378D983250}.Release|x64.ActiveCfg = Release|x64
		{9E239E75-0E05-4550-850A-2F378D983250}.Release|x64.Build.0 = Release|x64
		{9E239E75-0E05-4550-850A-2F378D983250}.Release|x86.ActiveCfg = Release|Win32
		{9E239E75-0E05-4550-850A-2F378D983250}.Release|x86.Build.0 = Release|Win32
		{4495FE50-C985-460E-835E-CF17827053B3}.Debug|x64.ActiveCfg = Debug|x64
		{4495FE50-C985-460E-835E-CF17827053B3}.Debug|x64.Build.0 = Debug|x64
		{4495FE50-C985-460E-835E-CF17827053B3}.Debug|x86.ActiveCfg = Debug|Win32
		{4495FE50-C985-460E-835E-CF17827053B3}.Debug|x86.Build.0 = Debug|Win32
		{4495FE50-C985-460E-835E-CF17827053B3}.Release|x64.ActiveCfg = Release|x64
		{4495FE50-C985-460E-835E-CF17827053B3}.Release|x64.Build.0 = Release|x64
		{4495FE50-C985-460E-835E-CF17827053B3}.Release|x86.ActiveCfg = Release|Win32
		{4495FE50-C985-460E-835E-CF17827053B3}.Release|x86.Build.0 = Release|Win32
		{60F0ECBF-ACBE-4345-87B5-11A8021DA203}.Debug|x64.ActiveCfg = Debug|x64
		{60F0ECBF-ACBE-4345-87B5-11A8021DA203}.Debug|x64.Build.0 = Debug|x64
		{60F0ECBF-ACBE-4345-87B5-11A8021DA203}.Debug|x86.ActiveCfg = Debug|Win32
		{60F0ECBF-ACBE-4345-87B5-11A8021DA203}.Debug|x86.Build.0 = Debug|Win32
		{60F0ECBF-ACBE-4345-87B5-11A8021DA203}.Release|x64.ActiveCfg = Release|x64
		{60F0ECBF-ACBE-4345-87B5-11A8021DA203}.Release|x64.Build.0 = Release|x64
		{60F0ECBF-ACBE-4345-87B5-11A8021DA203}.Release|x86.ActiveCfg = Release|Win32
		{60F0ECBF-ACBE-4345-87B5-11A8021DA203}.Release|x86.Build.0 = Release|Win32
		{B35D134E-C2FF-4FA0-B2D3-D801A3FE8397}.Debug|x64.ActiveCfg = Debug|x64
		{B35D134E-C2FF-4FA0-B2D3-D801A3FE8397}.Debug|x64.Build.0 = Debug|x64
		{B35D134E-C2FF-4FA0-B2D3-D801A3FE8397}.Debug|x86.ActiveCfg = Debug|Win32
		{B35D134E-C2FF-4FA0-B2D3-D801A3FE8397}.Debug|x86.Build.0 = Debug|Win32
		{B35D134E-C2FF-4FA0-B2D3-D801A3FE8397}.Release|x64.ActiveCfg = Release|x64
		{B35D134E-C2FF-4FA0-B2D3-D801A3FE8397}.Release|x64.Build.0 = Release|x64
		{B35D134E-C2FF-4FA0-B2D3-D801A3FE8397}.Release|x86.ActiveCfg = Release|Win32
		{B35D134E-C2FF-4FA0-B2D3-D801A3FE8397}.Release|x86.Build.0 = Release|Win32
		{A1A8C16C-F48B-4B0C-B28E-98548BC096D8}.Debug|x64.ActiveCfg = Debug|x64
		{A1A8C16C-F48B-4B0C-B28E-98548BC096D8}.Debug|x64.Build.0 = Debug|x64
		{A1A8C16C-F48B-4B0C-B28E-98548BC096D8}.Debug|x86.ActiveCfg = Debug|Win32
		{A1A8C16C-F48B-4B0C-B28E-98548BC096D8}.Debug|x86.Build.0 = Debug|Win32
		{A1A8C16C-F48B-4B0C-B28E-98548BC096D8}.Release|x64.ActiveCfg = Release|x64
		{A1A8C16C-F48B-4B0C-B28E-98548BC096D8}.Release|x64.Build.0 = Release|x64
		{A1A8C16C-F48B-4B0C-B28E-98548BC096D8}.Release|x86.ActiveCfg = Release|Win32
		{A1A8C16C-F48B-4B0C-B28E-98548BC096D8}.Release|x86.Build.0 = Release|Win32
	EndGlobalSection
	GlobalSection(SolutionProperties) = preSolution
		HideSolutionNode = FALSE
	EndGlobalSection
	GlobalSection(ExtensibilityGlobals) = postSolution
		SolutionGuid = {E16D885C-2CDB-45DB-A411-3EF9B7581716}
	EndGlobalSection
EndGlobal
