
Microsoft Visual Studio Solution File, Format Version 12.00
# Visual Studio Version 17
VisualStudioVersion = 17.13.35931.197 d17.13
MinimumVisualStudioVersion = 10.0.40219.1
Project("{8BC9CEB8-8B4A-11D0-8D11-00A0C91BC942}") = "1-1", "1-1\1-1.vcxproj", "{5A6776B6-BD6E-4DD6-AF1A-5274953E8B7F}"
EndProject
Project("{8BC9CEB8-8B4A-11D0-8D11-00A0C91BC942}") = "1-2", "1-2\1-2.vcxproj", "{5BAC9402-6C5E-4E6A-BBE6-CDD6833AB585}"
EndProject
Project("{8BC9CEB8-8B4A-11D0-8D11-00A0C91BC942}") = "3", "3\3.vcxproj", "{C270F162-D031-477A-95B5-21EE3CD65214}"
EndProject
Project("{8BC9CEB8-8B4A-11D0-8D11-00A0C91BC942}") = "5-1", "5-1\5-1.vcxproj", "{EE418D6E-2E1F-4EBE-8111-1209BF79124E}"
EndProject
Project("{8BC9CEB8-8B4A-11D0-8D11-00A0C91BC942}") = "5-2", "5-2\5-2.vcxproj", "{0131B920-03D3-4CB9-B31A-14050170A106}"
EndProject
Project("{8BC9CEB8-8B4A-11D0-8D11-00A0C91BC942}") = "7-1", "7-1\7-1.vcxproj", "{BA581072-FC83-4124-A39F-42EBEE385F82}"
EndProject
Project("{8BC9CEB8-8B4A-11D0-8D11-00A0C91BC942}") = "7-2", "7-2\7-2.vcxproj", "{7902B1BF-DE72-4BFF-944C-7214CA97F8D3}"
EndProject
Project("{8BC9CEB8-8B4A-11D0-8D11-00A0C91BC942}") = "9", "9\9.vcxproj", "{AFA5EC38-D47E-4999-BDEE-29593402AEB8}"
EndProject
Project("{8BC9CEB8-8B4A-11D0-8D11-00A0C91BC942}") = "11", "11\11.vcxproj", "{5D0FDC61-6ED0-405A-A84B-02ABFE9A5DCA}"
EndProject
Global
	GlobalSection(SolutionConfigurationPlatforms) = preSolution
		Debug|x64 = Debug|x64
		Debug|x86 = Debug|x86
		Release|x64 = Release|x64
		Release|x86 = Release|x86
	EndGlobalSection
	GlobalSection(ProjectConfigurationPlatforms) = postSolution
		{5A6776B6-BD6E-4DD6-AF1A-5274953E8B7F}.Debug|x64.ActiveCfg = Debug|x64
		{5A6776B6-BD6E-4DD6-AF1A-5274953E8B7F}.Debug|x64.Build.0 = Debug|x64
		{5A6776B6-BD6E-4DD6-AF1A-5274953E8B7F}.Debug|x86.ActiveCfg = Debug|Win32
		{5A6776B6-BD6E-4DD6-AF1A-5274953E8B7F}.Debug|x86.Build.0 = Debug|Win32
		{5A6776B6-BD6E-4DD6-AF1A-5274953E8B7F}.Release|x64.ActiveCfg = Release|x64
		{5A6776B6-BD6E-4DD6-AF1A-5274953E8B7F}.Release|x64.Build.0 = Release|x64
		{5A6776B6-BD6E-4DD6-AF1A-5274953E8B7F}.Release|x86.ActiveCfg = Release|Win32
		{5A6776B6-BD6E-4DD6-AF1A-5274953E8B7F}.Release|x86.Build.0 = Release|Win32
		{5BAC9402-6C5E-4E6A-BBE6-CDD6833AB585}.Debug|x64.ActiveCfg = Debug|x64
		{5BAC9402-6C5E-4E6A-BBE6-CDD6833AB585}.Debug|x64.Build.0 = Debug|x64
		{5BAC9402-6C5E-4E6A-BBE6-CDD6833AB585}.Debug|x86.ActiveCfg = Debug|Win32
		{5BAC9402-6C5E-4E6A-BBE6-CDD6833AB585}.Debug|x86.Build.0 = Debug|Win32
		{5BAC9402-6C5E-4E6A-BBE6-CDD6833AB585}.Release|x64.ActiveCfg = Release|x64
		{5BAC9402-6C5E-4E6A-BBE6-CDD6833AB585}.Release|x64.Build.0 = Release|x64
		{5BAC9402-6C5E-4E6A-BBE6-CDD6833AB585}.Release|x86.ActiveCfg = Release|Win32
		{5BAC9402-6C5E-4E6A-BBE6-CDD6833AB585}.Release|x86.Build.0 = Release|Win32
		{C270F162-D031-477A-95B5-21EE3CD65214}.Debug|x64.ActiveCfg = Debug|x64
		{C270F162-D031-477A-95B5-21EE3CD65214}.Debug|x64.Build.0 = Debug|x64
		{C270F162-D031-477A-95B5-21EE3CD65214}.Debug|x86.ActiveCfg = Debug|Win32
		{C270F162-D031-477A-95B5-21EE3CD65214}.Debug|x86.Build.0 = Debug|Win32
		{C270F162-D031-477A-95B5-21EE3CD65214}.Release|x64.ActiveCfg = Release|x64
		{C270F162-D031-477A-95B5-21EE3CD65214}.Release|x64.Build.0 = Release|x64
		{C270F162-D031-477A-95B5-21EE3CD65214}.Release|x86.ActiveCfg = Release|Win32
		{C270F162-D031-477A-95B5-21EE3CD65214}.Release|x86.Build.0 = Release|Win32
		{EE418D6E-2E1F-4EBE-8111-1209BF79124E}.Debug|x64.ActiveCfg = Debug|x64
		{EE418D6E-2E1F-4EBE-8111-1209BF79124E}.Debug|x64.Build.0 = Debug|x64
		{EE418D6E-2E1F-4EBE-8111-1209BF79124E}.Debug|x86.ActiveCfg = Debug|Win32
		{EE418D6E-2E1F-4EBE-8111-1209BF79124E}.Debug|x86.Build.0 = Debug|Win32
		{EE418D6E-2E1F-4EBE-8111-1209BF79124E}.Release|x64.ActiveCfg = Release|x64
		{EE418D6E-2E1F-4EBE-8111-1209BF79124E}.Release|x64.Build.0 = Release|x64
		{EE418D6E-2E1F-4EBE-8111-1209BF79124E}.Release|x86.ActiveCfg = Release|Win32
		{EE418D6E-2E1F-4EBE-8111-1209BF79124E}.Release|x86.Build.0 = Release|Win32
		{0131B920-03D3-4CB9-B31A-14050170A106}.Debug|x64.ActiveCfg = Debug|x64
		{0131B920-03D3-4CB9-B31A-14050170A106}.Debug|x64.Build.0 = Debug|x64
		{0131B920-03D3-4CB9-B31A-14050170A106}.Debug|x86.ActiveCfg = Debug|Win32
		{0131B920-03D3-4CB9-B31A-14050170A106}.Debug|x86.Build.0 = Debug|Win32
		{0131B920-03D3-4CB9-B31A-14050170A106}.Release|x64.ActiveCfg = Release|x64
		{0131B920-03D3-4CB9-B31A-14050170A106}.Release|x64.Build.0 = Release|x64
		{0131B920-03D3-4CB9-B31A-14050170A106}.Release|x86.ActiveCfg = Release|Win32
		{0131B920-03D3-4CB9-B31A-14050170A106}.Release|x86.Build.0 = Release|Win32
		{BA581072-FC83-4124-A39F-42EBEE385F82}.Debug|x64.ActiveCfg = Debug|x64
		{BA581072-FC83-4124-A39F-42EBEE385F82}.Debug|x64.Build.0 = Debug|x64
		{BA581072-FC83-4124-A39F-42EBEE385F82}.Debug|x86.ActiveCfg = Debug|Win32
		{BA581072-FC83-4124-A39F-42EBEE385F82}.Debug|x86.Build.0 = Debug|Win32
		{BA581072-FC83-4124-A39F-42EBEE385F82}.Release|x64.ActiveCfg = Release|x64
		{BA581072-FC83-4124-A39F-42EBEE385F82}.Release|x64.Build.0 = Release|x64
		{BA581072-FC83-4124-A39F-42EBEE385F82}.Release|x86.ActiveCfg = Release|Win32
		{BA581072-FC83-4124-A39F-42EBEE385F82}.Release|x86.Build.0 = Release|Win32
		{7902B1BF-DE72-4BFF-944C-7214CA97F8D3}.Debug|x64.ActiveCfg = Debug|x64
		{7902B1BF-DE72-4BFF-944C-7214CA97F8D3}.Debug|x64.Build.0 = Debug|x64
		{7902B1BF-DE72-4BFF-944C-7214CA97F8D3}.Debug|x86.ActiveCfg = Debug|Win32
		{7902B1BF-DE72-4BFF-944C-7214CA97F8D3}.Debug|x86.Build.0 = Debug|Win32
		{7902B1BF-DE72-4BFF-944C-7214CA97F8D3}.Release|x64.ActiveCfg = Release|x64
		{7902B1BF-DE72-4BFF-944C-7214CA97F8D3}.Release|x64.Build.0 = Release|x64
		{7902B1BF-DE72-4BFF-944C-7214CA97F8D3}.Release|x86.ActiveCfg = Release|Win32
		{7902B1BF-DE72-4BFF-944C-7214CA97F8D3}.Release|x86.Build.0 = Release|Win32
		{AFA5EC38-D47E-4999-BDEE-29593402AEB8}.Debug|x64.ActiveCfg = Debug|x64
		{AFA5EC38-D47E-4999-BDEE-29593402AEB8}.Debug|x64.Build.0 = Debug|x64
		{AFA5EC38-D47E-4999-BDEE-29593402AEB8}.Debug|x86.ActiveCfg = Debug|Win32
		{AFA5EC38-D47E-4999-BDEE-29593402AEB8}.Debug|x86.Build.0 = Debug|Win32
		{AFA5EC38-D47E-4999-BDEE-29593402AEB8}.Release|x64.ActiveCfg = Release|x64
		{AFA5EC38-D47E-4999-BDEE-29593402AEB8}.Release|x64.Build.0 = Release|x64
		{AFA5EC38-D47E-4999-BDEE-29593402AEB8}.Release|x86.ActiveCfg = Release|Win32
		{AFA5EC38-D47E-4999-BDEE-29593402AEB8}.Release|x86.Build.0 = Release|Win32
		{5D0FDC61-6ED0-405A-A84B-02ABFE9A5DCA}.Debug|x64.ActiveCfg = Debug|x64
		{5D0FDC61-6ED0-405A-A84B-02ABFE9A5DCA}.Debug|x64.Build.0 = Debug|x64
		{5D0FDC61-6ED0-405A-A84B-02ABFE9A5DCA}.Debug|x86.ActiveCfg = Debug|Win32
		{5D0FDC61-6ED0-405A-A84B-02ABFE9A5DCA}.Debug|x86.Build.0 = Debug|Win32
		{5D0FDC61-6ED0-405A-A84B-02ABFE9A5DCA}.Release|x64.ActiveCfg = Release|x64
		{5D0FDC61-6ED0-405A-A84B-02ABFE9A5DCA}.Release|x64.Build.0 = Release|x64
		{5D0FDC61-6ED0-405A-A84B-02ABFE9A5DCA}.Release|x86.ActiveCfg = Release|Win32
		{5D0FDC61-6ED0-405A-A84B-02ABFE9A5DCA}.Release|x86.Build.0 = Release|Win32
	EndGlobalSection
	GlobalSection(SolutionProperties) = preSolution
		HideSolutionNode = FALSE
	EndGlobalSection
	GlobalSection(ExtensibilityGlobals) = postSolution
		SolutionGuid = {3B18576A-9B23-4914-AEDC-A544F46D68FF}
	EndGlobalSection
EndGlobal
